{
  "name": "my-extension",
  "lockfileVersion": 3,
  "requires": true,
  "packages": {
    "": {
      "dependencies": {
        "@docker/extension-api-client": "^0.3.4"
      },
      "devDependencies": {
        "@docker/extension-api-client-types": "^0.3.4"
      }
    },
    "node_modules/@docker/extension-api-client": {
      "version": "0.3.4",
      "resolved": "https://registry.npmjs.org/@docker/extension-api-client/-/extension-api-client-0.3.4.tgz",
      "integrity": "sha512-bPfMyIy/mf1ir8lhc7qeVWEV0VF/JZShr5UjFcDxG79JW3umCOGU4c17EtYqwk8EY1kF3exWM6G1ITHOETUmGw==",
      "dependencies": {
        "@docker/extension-api-client-types": "^0.3.4"
      }
    },
    "node_modules/@docker/extension-api-client-types": {
      "version": "0.3.4",
      "resolved": "https://registry.npmjs.org/@docker/extension-api-client-types/-/extension-api-client-types-0.3.4.tgz",
      "integrity": "sha512-cDdD+dNSE0XCvQiw0R4j9aHpK+p6E7vi+z7RbKXfxwuQpfEMoeNCKFlp4W7K3XT78iWmoPz3DxQtZEAe4VJ1oQ=="
    }
  }
}
